# THIS IS AN AUTOGENERATED FILE. DO NOT EDIT THIS FILE DIRECTLY.
# yarn lockfile v1


snabbdom@^0.7.3:
  version "0.7.3"
  resolved "https://registry.yarnpkg.com/snabbdom/-/snabbdom-0.7.3.tgz#27b29b41228779ae5d99696a07edaaff4912fc54"
  integrity sha512-XNh90GQiV36hWdfSL46fIVrSSvmBuZlWk3++qaEgBeQWQJCqTphcbjTODPv8/vyZHJaB3VhePsWfGxi/zBxXyw==
